// !$*UTF8*$!
{
	archiveVersion = 1;
	classes = {
	};
	objectVersion = 50;
	objects = {

/* Begin PBXBuildFile section */
		B67321822332E21400CA0019 /* AppDelegate.swift in Sources */ = {isa = PBXBuildFile; fileRef = B67321812332E21400CA0019 /* AppDelegate.swift */; };
		B67321842332E21400CA0019 /* SceneDelegate.swift in Sources */ = {isa = PBXBuildFile; fileRef = B67321832332E21400CA0019 /* SceneDelegate.swift */; };
		B67321862332E21400CA0019 /* ContentView.swift in Sources */ = {isa = PBXBuildFile; fileRef = B67321852332E21400CA0019 /* ContentView.swift */; };
		B67321882332E21500CA0019 /* Assets.xcassets in Resources */ = {isa = PBXBuildFile; fileRef = B67321872332E21500CA0019 /* Assets.xcassets */; };
		B673218B2332E21500CA0019 /* Preview Assets.xcassets in Resources */ = {isa = PBXBuildFile; fileRef = B673218A2332E21500CA0019 /* Preview Assets.xcassets */; };
		B673218E2332E21500CA0019 /* LaunchScreen.storyboard in Resources */ = {isa = PBXBuildFile; fileRef = B673218C2332E21500CA0019 /* LaunchScreen.storyboard */; };
		B67321962332E28B00CA0019 /* example.json in Resources */ = {isa = PBXBuildFile; fileRef = B67321952332E28B00CA0019 /* example.json */; };
		B67321992332E5C300CA0019 /* EventManager.swift in Sources */ = {isa = PBXBuildFile; fileRef = B67321982332E5C200CA0019 /* EventManager.swift */; };
		B673219C2332F5F400CA0019 /* User.swift in Sources */ = {isa = PBXBuildFile; fileRef = B673219B2332F5F400CA0019 /* User.swift */; };
		B673219E2332F6D500CA0019 /* Tutorial.swift in Sources */ = {isa = PBXBuildFile; fileRef = B673219D2332F6D500CA0019 /* Tutorial.swift */; };
/* End PBXBuildFile section */

/* Begin PBXFileReference section */
		B673217E2332E21400CA0019 /* RemindersExample.app */ = {isa = PBXFileReference; explicitFileType = wrapper.application; includeInIndex = 0; path = RemindersExample.app; sourceTree = BUILT_PRODUCTS_DIR; };
		B67321812332E21400CA0019 /* AppDelegate.swift */ = {isa = PBXFileReference; lastKnownFileType = sourcecode.swift; path = AppDelegate.swift; sourceTree = "<group>"; };
		B67321832332E21400CA0019 /* SceneDelegate.swift */ = {isa = PBXFileReference; lastKnownFileType = sourcecode.swift; path = SceneDelegate.swift; sourceTree = "<group>"; };
		B67321852332E21400CA0019 /* ContentView.swift */ = {isa = PBXFileReference; lastKnownFileType = sourcecode.swift; path = ContentView.swift; sourceTree = "<group>"; };
		B67321872332E21500CA0019 /* Assets.xcassets */ = {isa = PBXFileReference; lastKnownFileType = folder.assetcatalog; path = Assets.xcassets; sourceTree = "<group>"; };
		B673218A2332E21500CA0019 /* Preview Assets.xcassets */ = {isa = PBXFileReference; lastKnownFileType = folder.assetcatalog; path = "Preview Assets.xcassets"; sourceTree = "<group>"; };
		B673218D2332E21500CA0019 /* Base */ = {isa = PBXFileReference; lastKnownFileType = file.storyboard; name = Base; path = Base.lproj/LaunchScreen.storyboard; sourceTree = "<group>"; };
		B673218F2332E21500CA0019 /* Info.plist */ = {isa = PBXFileReference; lastKnownFileType = text.plist.xml; path = Info.plist; sourceTree = "<group>"; };
		B67321952332E28B00CA0019 /* example.json */ = {isa = PBXFileReference; lastKnownFileType = text.json; path = example.json; sourceTree = "<group>"; };
		B67321982332E5C200CA0019 /* EventManager.swift */ = {isa = PBXFileReference; lastKnownFileType = sourcecode.swift; path = EventManager.swift; sourceTree = "<group>"; };
		B673219B2332F5F400CA0019 /* User.swift */ = {isa = PBXFileReference; lastKnownFileType = sourcecode.swift; path = User.swift; sourceTree = "<group>"; };
		B673219D2332F6D500CA0019 /* Tutorial.swift */ = {isa = PBXFileReference; lastKnownFileType = sourcecode.swift; path = Tutorial.swift; sourceTree = "<group>"; };
/* End PBXFileReference section */

/* Begin PBXFrameworksBuildPhase section */
		B673217B2332E21400CA0019 /* Frameworks */ = {
			isa = PBXFrameworksBuildPhase;
			buildActionMask = 2147483647;
			files = (
			);
			runOnlyForDeploymentPostprocessing = 0;
		};
/* End PBXFrameworksBuildPhase section */

/* Begin PBXGroup section */
		B67321752332E21400CA0019 = {
			isa = PBXGroup;
			children = (
				B67321802332E21400CA0019 /* RemindersExample */,
				B673217F2332E21400CA0019 /* Products */,
			);
			sourceTree = "<group>";
		};
		B673217F2332E21400CA0019 /* Products */ = {
			isa = PBXGroup;
			children = (
				B673217E2332E21400CA0019 /* RemindersExample.app */,
			);
			name = Products;
			sourceTree = "<group>";
		};
		B67321802332E21400CA0019 /* RemindersExample */ = {
			isa = PBXGroup;
			children = (
				B673219A2332F5E700CA0019 /* Models */,
				B67321972332E5AF00CA0019 /* Helpers */,
				B67321812332E21400CA0019 /* AppDelegate.swift */,
				B67321832332E21400CA0019 /* SceneDelegate.swift */,
				B67321852332E21400CA0019 /* ContentView.swift */,
				B673219D2332F6D500CA0019 /* Tutorial.swift */,
				B67321872332E21500CA0019 /* Assets.xcassets */,
				B673218C2332E21500CA0019 /* LaunchScreen.storyboard */,
				B673218F2332E21500CA0019 /* Info.plist */,
				B67321892332E21500CA0019 /* Preview Content */,
				B67321952332E28B00CA0019 /* example.json */,
			);
			path = RemindersExample;
			sourceTree = "<group>";
		};
		B67321892332E21500CA0019 /* Preview Content */ = {
			isa = PBXGroup;
			children = (
				B673218A2332E21500CA0019 /* Preview Assets.xcassets */,
			);
			path = "Preview Content";
			sourceTree = "<group>";
		};
		B67321972332E5AF00CA0019 /* Helpers */ = {
			isa = PBXGroup;
			children = (
				B67321982332E5C200CA0019 /* EventManager.swift */,
			);
			path = Helpers;
			sourceTree = "<group>";
		};
		B673219A2332F5E700CA0019 /* Models */ = {
			isa = PBXGroup;
			children = (
				B673219B2332F5F400CA0019 /* User.swift */,
			);
			path = Models;
			sourceTree = "<group>";
		};
/* End PBXGroup section */

/* Begin PBXNativeTarget section */
		B673217D2332E21400CA0019 /* RemindersExample */ = {
			isa = PBXNativeTarget;
			buildConfigurationList = B67321922332E21500CA0019 /* Build configuration list for PBXNativeTarget "RemindersExample" */;
			buildPhases = (
				B673217A2332E21400CA0019 /* Sources */,
				B673217B2332E21400CA0019 /* Frameworks */,
				B673217C2332E21400CA0019 /* Resources */,
			);
			buildRules = (
			);
			dependencies = (
			);
			name = RemindersExample;
			productName = RemindersExample;
			productReference = B673217E2332E21400CA0019 /* RemindersExample.app */;
			productType = "com.apple.product-type.application";
		};
/* End PBXNativeTarget section */

/* Begin PBXProject section */
		B67321762332E21400CA0019 /* Project object */ = {
			isa = PBXProject;
			attributes = {
				LastSwiftUpdateCheck = 1100;
				LastUpgradeCheck = 1100;
				ORGANIZATIONNAME = "guillaume MAIANO";
				TargetAttributes = {
					B673217D2332E21400CA0019 = {
						CreatedOnToolsVersion = 11.0;
					};
				};
			};
			buildConfigurationList = B67321792332E21400CA0019 /* Build configuration list for PBXProject "RemindersExample" */;
			compatibilityVersion = "Xcode 9.3";
			developmentRegion = en;
			hasScannedForEncodings = 0;
			knownRegions = (
				en,
				Base,
			);
			mainGroup = B67321752332E21400CA0019;
			productRefGroup = B673217F2332E21400CA0019 /* Products */;
			projectDirPath = "";
			projectRoot = "";
			targets = (
				B673217D2332E21400CA0019 /* RemindersExample */,
			);
		};
/* End PBXProject section */

/* Begin PBXResourcesBuildPhase section */
		B673217C2332E21400CA0019 /* Resources */ = {
			isa = PBXResourcesBuildPhase;
			buildActionMask = 2147483647;
			files = (
				B67321962332E28B00CA0019 /* example.json in Resources */,
				B673218E2332E21500CA0019 /* LaunchScreen.storyboard in Resources */,
				B673218B2332E21500CA0019 /* Preview Assets.xcassets in Resources */,
				B67321882332E21500CA0019 /* Assets.xcassets in Resources */,
			);
			runOnlyForDeploymentPostprocessing = 0;
		};
/* End PBXResourcesBuildPhase section */

/* Begin PBXSourcesBuildPhase section */
		B673217A2332E21400CA0019 /* Sources */ = {
			isa = PBXSourcesBuildPhase;
			buildActionMask = 2147483647;
			files = (
				B67321822332E21400CA0019 /* AppDelegate.swift in Sources */,
				B673219E2332F6D500CA0019 /* Tutorial.swift in Sources */,
				B67321842332E21400CA0019 /* SceneDelegate.swift in Sources */,
				B67321992332E5C300CA0019 /* EventManager.swift in Sources */,
				B673219C2332F5F400CA0019 /* User.swift in Sources */,
				B67321862332E21400CA0019 /* ContentView.swift in Sources */,
			);
			runOnlyForDeploymentPostprocessing = 0;
		};
/* End PBXSourcesBuildPhase section */

/* Begin PBXVariantGroup section */
		B673218C2332E21500CA0019 /* LaunchScreen.storyboard */ = {
			isa = PBXVariantGroup;
			children = (
				B673218D2332E21500CA0019 /* Base */,
			);
			name = LaunchScreen.storyboard;
			sourceTree = "<group>";
		};
/* End PBXVariantGroup section */

/* Begin XCBuildConfiguration section */
		B67321902332E21500CA0019 /* Debug */ = {
			isa = XCBuildConfiguration;
			buildSettings = {
				ALWAYS_SEARCH_USER_PATHS = NO;
				CLANG_ANALYZER_NONNULL = YES;
				CLANG_ANALYZER_NUMBER_OBJECT_CONVERSION = YES_AGGRESSIVE;
				CLANG_CXX_LANGUAGE_STANDARD = "gnu++14";
				CLANG_CXX_LIBRARY = "libc++";
				CLANG_ENABLE_MODULES = YES;
				CLANG_ENABLE_OBJC_ARC = YES;
				CLANG_ENABLE_OBJC_WEAK = YES;
				CLANG_WARN_BLOCK_CAPTURE_AUTORELEASING = YES;
				CLANG_WARN_BOOL_CONVERSION = YES;
				CLANG_WARN_COMMA = YES;
				CLANG_WARN_CONSTANT_CONVERSION = YES;
				CLANG_WARN_DEPRECATED_OBJC_IMPLEMENTATIONS = YES;
				CLANG_WARN_DIRECT_OBJC_ISA_USAGE = YES_ERROR;
				CLANG_WARN_DOCUMENTATION_COMMENTS = YES;
				CLANG_WARN_EMPTY_BODY = YES;
				CLANG_WARN_ENUM_CONVERSION = YES;
				CLANG_WARN_INFINITE_RECURSION = YES;
				CLANG_WARN_INT_CONVERSION = YES;
				CLANG_WARN_NON_LITERAL_NULL_CONVERSION = YES;
				CLANG_WARN_OBJC_IMPLICIT_RETAIN_SELF = YES;
				CLANG_WARN_OBJC_LITERAL_CONVERSION = YES;
				CLANG_WARN_OBJC_ROOT_CLASS = YES_ERROR;
				CLANG_WARN_RANGE_LOOP_ANALYSIS = YES;
				CLANG_WARN_STRICT_PROTOTYPES = YES;
				CLANG_WARN_SUSPICIOUS_MOVE = YES;
				CLANG_WARN_UNGUARDED_AVAILABILITY = YES_AGGRESSIVE;
				CLANG_WARN_UNREACHABLE_CODE = YES;
				CLANG_WARN__DUPLICATE_METHOD_MATCH = YES;
				COPY_PHASE_STRIP = NO;
				DEBUG_INFORMATION_FORMAT = dwarf;
				ENABLE_STRICT_OBJC_MSGSEND = YES;
				ENABLE_TESTABILITY = YES;
				GCC_C_LANGUAGE_STANDARD = gnu11;
				GCC_DYNAMIC_NO_PIC = NO;
				GCC_NO_COMMON_BLOCKS = YES;
				GCC_OPTIMIZATION_LEVEL = 0;
				GCC_PREPROCESSOR_DEFINITIONS = (
					"DEBUG=1",
					"$(inherited)",
				);
				GCC_WARN_64_TO_32_BIT_CONVERSION = YES;
				GCC_WARN_ABOUT_RETURN_TYPE = YES_ERROR;
				GCC_WARN_UNDECLARED_SELECTOR = YES;
				GCC_WARN_UNINITIALIZED_AUTOS = YES_AGGRESSIVE;
				GCC_WARN_UNUSED_FUNCTION = YES;
				GCC_WARN_UNUSED_VARIABLE = YES;
				IPHONEOS_DEPLOYMENT_TARGET = 13.0;
				MTL_ENABLE_DEBUG_INFO = INCLUDE_SOURCE;
				MTL_FAST_MATH = YES;
				ONLY_ACTIVE_ARCH = YES;
				SDKROOT = iphoneos;
				SWIFT_ACTIVE_COMPILATION_CONDITIONS = DEBUG;
				SWIFT_OPTIMIZATION_LEVEL = "-Onone";
			};
			name = Debug;
		};
		B67321912332E21500CA0019 /* Release */ = {
			isa = XCBuildConfiguration;
			buildSettings = {
				ALWAYS_SEARCH_USER_PATHS = NO;
				CLANG_ANALYZER_NONNULL = YES;
				CLANG_ANALYZER_NUMBER_OBJECT_CONVERSION = YES_AGGRESSIVE;
				CLANG_CXX_LANGUAGE_STANDARD = "gnu++14";
				CLANG_CXX_LIBRARY = "libc++";
				CLANG_ENABLE_MODULES = YES;
				CLANG_ENABLE_OBJC_ARC = YES;
				CLANG_ENABLE_OBJC_WEAK = YES;
				CLANG_WARN_BLOCK_CAPTURE_AUTORELEASING = YES;
				CLANG_WARN_BOOL_CONVERSION = YES;
				CLANG_WARN_COMMA = YES;
				CLANG_WARN_CONSTANT_CONVERSION = YES;
				CLANG_WARN_DEPRECATED_OBJC_IMPLEMENTATIONS = YES;
				CLANG_WARN_DIRECT_OBJC_ISA_USAGE = YES_ERROR;
				CLANG_WARN_DOCUMENTATION_COMMENTS = YES;
				CLANG_WARN_EMPTY_BODY = YES;
				CLANG_WARN_ENUM_CONVERSION = YES;
				CLANG_WARN_INFINITE_RECURSION = YES;
				CLANG_WARN_INT_CONVERSION = YES;
				CLANG_WARN_NON_LITERAL_NULL_CONVERSION = YES;
				CLANG_WARN_OBJC_IMPLICIT_RETAIN_SELF = YES;
				CLANG_WARN_OBJC_LITERAL_CONVERSION = YES;
				CLANG_WARN_OBJC_ROOT_CLASS = YES_ERROR;
				CLANG_WARN_RANGE_LOOP_ANALYSIS = YES;
				CLANG_WARN_STRICT_PROTOTYPES = YES;
				CLANG_WARN_SUSPICIOUS_MOVE = YES;
				CLANG_WARN_UNGUARDED_AVAILABILITY = YES_AGGRESSIVE;
				CLANG_WARN_UNREACHABLE_CODE = YES;
				CLANG_WARN__DUPLICATE_METHOD_MATCH = YES;
				COPY_PHASE_STRIP = NO;
				DEBUG_INFORMATION_FORMAT = "dwarf-with-dsym";
				ENABLE_NS_ASSERTIONS = NO;
				ENABLE_STRICT_OBJC_MSGSEND = YES;
				GCC_C_LANGUAGE_STANDARD = gnu11;
				GCC_NO_COMMON_BLOCKS = YES;
				GCC_WARN_64_TO_32_BIT_CONVERSION = YES;
				GCC_WARN_ABOUT_RETURN_TYPE = YES_ERROR;
				GCC_WARN_UNDECLARED_SELECTOR = YES;
				GCC_WARN_UNINITIALIZED_AUTOS = YES_AGGRESSIVE;
				GCC_WARN_UNUSED_FUNCTION = YES;
				GCC_WARN_UNUSED_VARIABLE = YES;
				IPHONEOS_DEPLOYMENT_TARGET = 13.0;
				MTL_ENABLE_DEBUG_INFO = NO;
				MTL_FAST_MATH = YES;
				SDKROOT = iphoneos;
				SWIFT_COMPILATION_MODE = wholemodule;
				SWIFT_OPTIMIZATION_LEVEL = "-O";
				VALIDATE_PRODUCT = YES;
			};
			name = Release;
		};
		B67321932332E21500CA0019 /* Debug */ = {
			isa = XCBuildConfiguration;
			buildSettings = {
				ASSETCATALOG_COMPILER_APPICON_NAME = AppIcon;
				CODE_SIGN_STYLE = Automatic;
				DEVELOPMENT_ASSET_PATHS = "\"RemindersExample/Preview Content\"";
				DEVELOPMENT_TEAM = 8LV2X84473;
				ENABLE_PREVIEWS = YES;
				INFOPLIST_FILE = RemindersExample/Info.plist;
				LD_RUNPATH_SEARCH_PATHS = (
					"$(inherited)",
					"@executable_path/Frameworks",
				);
				PRODUCT_BUNDLE_IDENTIFIER = fr.maiano.RemindersExample;
				PRODUCT_NAME = "$(TARGET_NAME)";
				SWIFT_VERSION = 5.0;
				TARGETED_DEVICE_FAMILY = "1,2";
			};
			name = Debug;
		};
		B67321942332E21500CA0019 /* Release */ = {
			isa = XCBuildConfiguration;
			buildSettings = {
				ASSETCATALOG_COMPILER_APPICON_NAME = AppIcon;
				CODE_SIGN_STYLE = Automatic;
				DEVELOPMENT_ASSET_PATHS = "\"RemindersExample/Preview Content\"";
				DEVELOPMENT_TEAM = 8LV2X84473;
				ENABLE_PREVIEWS = YES;
				INFOPLIST_FILE = RemindersExample/Info.plist;
				LD_RUNPATH_SEARCH_PATHS = (
					"$(inherited)",
					"@executable_path/Frameworks",
				);
				PRODUCT_BUNDLE_IDENTIFIER = fr.maiano.RemindersExample;
				PRODUCT_NAME = "$(TARGET_NAME)";
				SWIFT_VERSION = 5.0;
				TARGETED_DEVICE_FAMILY = "1,2";
			};
			name = Release;
		};
/* End XCBuildConfiguration section */

/* Begin XCConfigurationList section */
		B67321792332E21400CA0019 /* Build configuration list for PBXProject "RemindersExample" */ = {
			isa = XCConfigurationList;
			buildConfigurations = (
				B67321902332E21500CA0019 /* Debug */,
				B67321912332E21500CA0019 /* Release */,
			);
			defaultConfigurationIsVisible = 0;
			defaultConfigurationName = Release;
		};
		B67321922332E21500CA0019 /* Build configuration list for PBXNativeTarget "RemindersExample" */ = {
			isa = XCConfigurationList;
			buildConfigurations = (
				B67321932332E21500CA0019 /* Debug */,
				B67321942332E21500CA0019 /* Release */,
			);
			defaultConfigurationIsVisible = 0;
			defaultConfigurationName = Release;
		};
/* End XCConfigurationList section */
	};
	rootObject = B67321762332E21400CA0019 /* Project object */;
}
